github.com/gethugothemes/andromeda-light v0.0.0-20251013043622-aa27f1187d3e h1:4vmr9pMYK2uWmV9pr1G4b03wUHEQM18nP6gOheByZhA=
github.com/gethugothemes/andromeda-light v0.0.0-20251013043622-aa27f1187d3e/go.mod h1:sGLfgDyAopGOzhJMwprQMHu1GFmrS+9wY/HlwQdBzBU=
github.com/gethugothemes/hugo-modules/accordion v0.0.0-20251204045621-e6dcb6d7954f h1:gpswCTRSNb5QkYYkjhdYuvgk+T1NuLst4JA48/l8lMk=
github.com/gethugothemes/hugo-modules/accordion v0.0.0-20251204045621-e6dcb6d7954f/go.mod h1:D4DpauKPDcUHI9CVKYmJeO6bkSJIhUN864TyXZ2o0VI=
github.com/gethugothemes/hugo-modules/components/cookie-consent v0.0.0-20251204045621-e6dcb6d7954f h1:F/quVNAQLBWCB7KIe5yewxwut5fgoyO4Y9E4vkzOj7k=
github.com/gethugothemes/hugo-modules/components/cookie-consent v0.0.0-20251204045621-e6dcb6d7954f/go.mod h1:511ERLpGe3ZTfV2z/NAtUSR5NqKF26h9z5lU/zYV4YQ=
github.com/gethugothemes/hugo-modules/components/custom-script v0.0.0-20251204045621-e6dcb6d7954f h1:BOpObpG1Wjo4VSJ4XpnUpUjKD5sU4XSKXF1Ypk+GpFA=
github.com/gethugothemes/hugo-modules/components/custom-script v0.0.0-20251204045621-e6dcb6d7954f/go.mod h1:RuDHq4WnK8sNEzAIJr4BZQ7oXhzcct/EKaAxc2Xvi9E=
github.com/gethugothemes/hugo-modules/components/render-link v0.0.0-20251204045621-e6dcb6d7954f h1:WOw/acMPm0pICZtMpBl5tD5pX4Qn8Mne3y99oI9ebRc=
github.com/gethugothemes/hugo-modules/components/render-link v0.0.0-20251204045621-e6dcb6d7954f/go.mod h1:z3YcIeEBUonAoRDY1/Jv1ojNVkZ5ud35a0Nn8L4Inx0=
github.com/gethugothemes/hugo-modules/components/social-share v0.0.0-20251204045621-e6dcb6d7954f h1:OpIlpL2VD6IKrYGQu3co+8i6Lbc56ECKESPl4+FO4Cw=
github.com/gethugothemes/hugo-modules/components/social-share v0.0.0-20251204045621-e6dcb6d7954f/go.mod h1:Gcj4RM/EBECsJMZnPeWjfy/1roRYGqzV9GYNmeHkvFA=
github.com/gethugothemes/hugo-modules/icons/font-awesome v0.0.0-20251204045621-e6dcb6d7954f h1:YiFYqahjAXqG0kpT30rKG84iIdrK6mZSyP0NvtG+KZQ=
github.com/gethugothemes/hugo-modules/icons/font-awesome v0.0.0-20251204045621-e6dcb6d7954f/go.mod h1:d3gy1vQyfasPmGpau7HpQLrXbOv23PfXclSnjyOBxeU=
github.com/gethugothemes/hugo-modules/seo-tools/basic-seo v0.0.0-20251204045621-e6dcb6d7954f h1:OdytC+ramjvnHRTHeNZokaTfIuOpM4Q6SF4B9D5H/EE=
github.com/gethugothemes/hugo-modules/seo-tools/basic-seo v0.0.0-20251204045621-e6dcb6d7954f/go.mod h1:Q8dPgjamV7pxwKSQyWV21Xwh5CGi23/k+M8HPTphYbs=
github.com/gethugothemes/hugo-modules/seo-tools/google-tag-manager v0.0.0-20251204045621-e6dcb6d7954f h1:mridZ+knVNgp1LVa/vyPIGWzqboGYe8OBmLjmlgxKdw=
github.com/gethugothemes/hugo-modules/seo-tools/google-tag-manager v0.0.0-20251204045621-e6dcb6d7954f/go.mod h1:cCq50yd55eFTrpqOfeyOK5X0hU5E7qxsqOD7IzTsgLA=
github.com/gethugothemes/hugo-modules/tab v0.0.0-20251204045621-e6dcb6d7954f h1:efuNwWKjzMkvcc1OCOvwwgh+JLCHm41VIaNAxL4CzHA=
github.com/gethugothemes/hugo-modules/tab v0.0.0-20251204045621-e6dcb6d7954f/go.mod h1:h3UxlxrFoU19JldxWLPBKaTZFe3AJtABrqo1wfxr+Ng=
github.com/gethugothemes/hugo-modules/table-of-contents v0.0.0-20251204045621-e6dcb6d7954f h1:pj6f9Ldn/FV546ZdHchX1GQUDlUTWJ+J/9hYEkZizos=
github.com/gethugothemes/hugo-modules/table-of-contents v0.0.0-20251204045621-e6dcb6d7954f/go.mod h1:bEDw4veccQQQYEdVrfu13ATRUWfW8ptDIjJZuhYh4Tw=
github.com/gethugothemes/hugo-modules/videos v0.0.0-20251204045621-e6dcb6d7954f h1:2alY3Dn6p4Mkrl/WUgkkBvljtr+sMWDhZOC/FXOdXzM=
github.com/gethugothemes/hugo-modules/videos v0.0.0-20251204045621-e6dcb6d7954f/go.mod h1:P722lLWdnNhdZVq6gvMrOLqECUwrAYQWaOWlChta5H0=
